
Microsoft Visual Studio Solution File, Format Version 12.00
# Visual Studio Version 17
VisualStudioVersion = 17.14.35906.104
MinimumVisualStudioVersion = 10.0.40219.1
Project("{FAE04EC0-301F-11D3-BF4B-00C04F79EFBC}") = "ABCRetailers", "ABCRetailers.csproj", "{EE064264-56BC-489B-8BB7-978091170E71}"
EndProject
Project("{FAE04EC0-301F-11D3-BF4B-00C04F79EFBC}") = "ABCRetailers.Functions", "..\ABCRetailers.Functions\ABCRetailers.Functions.csproj", "{FC7E6833-3FDA-4B43-BCC2-1DECC1AC7173}"
EndProject
Global
	GlobalSection(SolutionConfigurationPlatforms) = preSolution
		Debug|Any CPU = Debug|Any CPU
		Release|Any CPU = Release|Any CPU
	EndGlobalSection
	GlobalSection(ProjectConfigurationPlatforms) = postSolution
		{EE064264-56BC-489B-8BB7-978091170E71}.Debug|Any CPU.ActiveCfg = Debug|Any CPU
		{EE064264-56BC-489B-8BB7-978091170E71}.Debug|Any CPU.Build.0 = Debug|Any CPU
		{EE064264-56BC-489B-8BB7-978091170E71}.Release|Any CPU.ActiveCfg = Release|Any CPU
		{EE064264-56BC-489B-8BB7-978091170E71}.Release|Any CPU.Build.0 = Release|Any CPU
		{FC7E6833-3FDA-4B43-BCC2-1DECC1AC7173}.Debug|Any CPU.ActiveCfg = Debug|Any CPU
		{FC7E6833-3FDA-4B43-BCC2-1DECC1AC7173}.Debug|Any CPU.Build.0 = Debug|Any CPU
		{FC7E6833-3FDA-4B43-BCC2-1DECC1AC7173}.Release|Any CPU.ActiveCfg = Release|Any CPU
		{FC7E6833-3FDA-4B43-BCC2-1DECC1AC7173}.Release|Any CPU.Build.0 = Release|Any CPU
	EndGlobalSection
	GlobalSection(SolutionProperties) = preSolution
		HideSolutionNode = FALSE
	EndGlobalSection
	GlobalSection(ExtensibilityGlobals) = postSolution
		SolutionGuid = {1E64A681-CB44-42DE-8A0C-53206BD8AF5B}
	EndGlobalSection
EndGlobal
